
Microsoft Visual Studio Solution File, Format Version 12.00
# Visual Studio Version 17
VisualStudioVersion = 17.1.32414.318
MinimumVisualStudioVersion = 10.0.40219.1
Project("{FAE04EC0-301F-11D3-BF4B-00C04F79EFBC}") = "SIST.UI", "SIST.UI\SIST.UI.csproj", "{61FDB527-B7AA-4A39-9200-AEABBD674BAE}"
EndProject
Project("{FAE04EC0-301F-11D3-BF4B-00C04F79EFBC}") = "SIST.Entity", "SIST.Entity\SIST.Entity.csproj", "{EAE3938C-6C1C-4247-96C9-CDD8862D11A1}"
EndProject
Global
	GlobalSection(SolutionConfigurationPlatforms) = preSolution
		Debug|Any CPU = Debug|Any CPU
		Release|Any CPU = Release|Any CPU
	EndGlobalSection
	GlobalSection(ProjectConfigurationPlatforms) = postSolution
		{61FDB527-B7AA-4A39-9200-AEABBD674BAE}.Debug|Any CPU.ActiveCfg = Debug|Any CPU
		{61FDB527-B7AA-4A39-9200-AEABBD674BAE}.Debug|Any CPU.Build.0 = Debug|Any CPU
		{61FDB527-B7AA-4A39-9200-AEABBD674BAE}.Release|Any CPU.ActiveCfg = Release|Any CPU
		{61FDB527-B7AA-4A39-9200-AEABBD674BAE}.Release|Any CPU.Build.0 = Release|Any CPU
		{EAE3938C-6C1C-4247-96C9-CDD8862D11A1}.Debug|Any CPU.ActiveCfg = Debug|Any CPU
		{EAE3938C-6C1C-4247-96C9-CDD8862D11A1}.Debug|Any CPU.Build.0 = Debug|Any CPU
		{EAE3938C-6C1C-4247-96C9-CDD8862D11A1}.Release|Any CPU.ActiveCfg = Release|Any CPU
		{EAE3938C-6C1C-4247-96C9-CDD8862D11A1}.Release|Any CPU.Build.0 = Release|Any CPU
	EndGlobalSection
	GlobalSection(SolutionProperties) = preSolution
		HideSolutionNode = FALSE
	EndGlobalSection
	GlobalSection(ExtensibilityGlobals) = postSolution
		SolutionGuid = {68307780-B55E-4F04-84AF-261AE53D7171}
	EndGlobalSection
EndGlobal
